
Microsoft Visual Studio Solution File, Format Version 11.00
# Visual Studio 2010
Project("{FAE04EC0-301F-11D3-BF4B-00C04F79EFBC}") = "PatientInformation", "PatientInformation\PatientInformation.csproj", "{072E7375-0A1F-4456-8869-1EBD6768E916}"
EndProject
Project("{FAE04EC0-301F-11D3-BF4B-00C04F79EFBC}") = "PatientInformation.Tests", "PatientInformation.Tests\PatientInformation.Tests.csproj", "{B3940B3B-50BA-44E3-A8EB-8EC43652238D}"
EndProject
Global
	GlobalSection(SolutionConfigurationPlatforms) = preSolution
		Debug|Any CPU = Debug|Any CPU
		Release|Any CPU = Release|Any CPU
	EndGlobalSection
	GlobalSection(ProjectConfigurationPlatforms) = postSolution
		{072E7375-0A1F-4456-8869-1EBD6768E916}.Debug|Any CPU.ActiveCfg = Debug|Any CPU
		{072E7375-0A1F-4456-8869-1EBD6768E916}.Debug|Any CPU.Build.0 = Debug|Any CPU
		{072E7375-0A1F-4456-8869-1EBD6768E916}.Release|Any CPU.ActiveCfg = Release|Any CPU
		{072E7375-0A1F-4456-8869-1EBD6768E916}.Release|Any CPU.Build.0 = Release|Any CPU
		{B3940B3B-50BA-44E3-A8EB-8EC43652238D}.Debug|Any CPU.ActiveCfg = Debug|Any CPU
		{B3940B3B-50BA-44E3-A8EB-8EC43652238D}.Debug|Any CPU.Build.0 = Debug|Any CPU
		{B3940B3B-50BA-44E3-A8EB-8EC43652238D}.Release|Any CPU.ActiveCfg = Release|Any CPU
		{B3940B3B-50BA-44E3-A8EB-8EC43652238D}.Release|Any CPU.Build.0 = Release|Any CPU
	EndGlobalSection
	GlobalSection(SolutionProperties) = preSolution
		HideSolutionNode = FALSE
	EndGlobalSection
EndGlobal
